
Microsoft Visual Studio Solution File, Format Version 12.00
# Visual Studio Version 17
VisualStudioVersion = 17.4.33103.184
MinimumVisualStudioVersion = 10.0.40219.1
Project("{FAE04EC0-301F-11D3-BF4B-00C04F79EFBC}") = "todo_list_api", "todo_list_api\todo_list_api.csproj", "{B9EB52A7-A2FA-42CD-8175-7E333240E249}"
EndProject
Global
	GlobalSection(SolutionConfigurationPlatforms) = preSolution
		Debug|Any CPU = Debug|Any CPU
		Release|Any CPU = Release|Any CPU
	EndGlobalSection
	GlobalSection(ProjectConfigurationPlatforms) = postSolution
		{B9EB52A7-A2FA-42CD-8175-7E333240E249}.Debug|Any CPU.ActiveCfg = Debug|Any CPU
		{B9EB52A7-A2FA-42CD-8175-7E333240E249}.Debug|Any CPU.Build.0 = Debug|Any CPU
		{B9EB52A7-A2FA-42CD-8175-7E333240E249}.Release|Any CPU.ActiveCfg = Release|Any CPU
		{B9EB52A7-A2FA-42CD-8175-7E333240E249}.Release|Any CPU.Build.0 = Release|Any CPU
	EndGlobalSection
	GlobalSection(SolutionProperties) = preSolution
		HideSolutionNode = FALSE
	EndGlobalSection
	GlobalSection(ExtensibilityGlobals) = postSolution
		SolutionGuid = {47D6DA17-B655-497C-97EA-1114205A8E21}
	EndGlobalSection
EndGlobal
